
Microsoft Visual Studio Solution File, Format Version 12.00
# Visual Studio Version 16
VisualStudioVersion = 16.0.33027.164
MinimumVisualStudioVersion = 10.0.40219.1
Project("{FAE04EC0-301F-11D3-BF4B-00C04F79EFBC}") = "Logis", "Logis.csproj", "{CF0B803B-CB90-4499-9C86-EC47A1CFF129}"
EndProject
Project("{FAE04EC0-301F-11D3-BF4B-00C04F79EFBC}") = "GSMS", "D:\TEST FOLDER\Group Project(GSMS)\GSMS-master v2\GSMS-master\GSMS-master\GSMS.csproj", "{8C3C3CB5-E1FB-42BE-BD26-9E5B5D2B9399}"
EndProject
Global
	GlobalSection(SolutionConfigurationPlatforms) = preSolution
		Debug|Any CPU = Debug|Any CPU
		Release|Any CPU = Release|Any CPU
	EndGlobalSection
	GlobalSection(ProjectConfigurationPlatforms) = postSolution
		{CF0B803B-CB90-4499-9C86-EC47A1CFF129}.Debug|Any CPU.ActiveCfg = Debug|Any CPU
		{CF0B803B-CB90-4499-9C86-EC47A1CFF129}.Debug|Any CPU.Build.0 = Debug|Any CPU
		{CF0B803B-CB90-4499-9C86-EC47A1CFF129}.Release|Any CPU.ActiveCfg = Release|Any CPU
		{CF0B803B-CB90-4499-9C86-EC47A1CFF129}.Release|Any CPU.Build.0 = Release|Any CPU
		{8C3C3CB5-E1FB-42BE-BD26-9E5B5D2B9399}.Debug|Any CPU.ActiveCfg = Debug|Any CPU
		{8C3C3CB5-E1FB-42BE-BD26-9E5B5D2B9399}.Debug|Any CPU.Build.0 = Debug|Any CPU
		{8C3C3CB5-E1FB-42BE-BD26-9E5B5D2B9399}.Release|Any CPU.ActiveCfg = Release|Any CPU
		{8C3C3CB5-E1FB-42BE-BD26-9E5B5D2B9399}.Release|Any CPU.Build.0 = Release|Any CPU
	EndGlobalSection
	GlobalSection(SolutionProperties) = preSolution
		HideSolutionNode = FALSE
	EndGlobalSection
	GlobalSection(ExtensibilityGlobals) = postSolution
		SolutionGuid = {470B86A5-66DF-40C1-9788-C521660BBD22}
	EndGlobalSection
EndGlobal
